{
  "lockfile_version": "1",
  "packages": {
    "nodejs@latest": {
      "last_modified": "2025-02-03T03:32:17Z",
      "plugin_version": "0.0.2",
      "resolved": "github:NixOS/nixpkgs/2d31b9476b7c6f5b029e595586b0b112a7ad130b#nodejs_23",
      "source": "devbox-search",
      "version": "23.7.0",
      "systems": {
        "aarch64-darwin": {
          "outputs": [
            {
              "name": "out",
              "path": "/nix/store/iza783m0cggalysm2iragf39x334xgj5-nodejs-23.7.0",
              "default": true
            },
            {
              "name": "libv8",
              "path": "/nix/store/hxgw1kz6a4d7cdl0hwlgsx0xi68fdfjb-nodejs-23.7.0-libv8"
            }
          ],
          "store_path": "/nix/store/iza783m0cggalysm2iragf39x334xgj5-nodejs-23.7.0"
        },
        "aarch64-linux": {
          "outputs": [
            {
              "name": "out",
              "path": "/nix/store/dhxnx4hx74bg6mdaqd11jjwqxzi8mkzw-nodejs-23.7.0",
              "default": true
            },
            {
              "name": "libv8",
              "path": "/nix/store/4a5kd7jsc4ac99acb3rs8zyhh8rz32b5-nodejs-23.7.0-libv8"
            }
          ],
          "store_path": "/nix/store/dhxnx4hx74bg6mdaqd11jjwqxzi8mkzw-nodejs-23.7.0"
        },
        "x86_64-darwin": {
          "outputs": [
            {
              "name": "out",
              "path": "/nix/store/q5hzfl9nca4xfggxwh1w94kxladr92hg-nodejs-23.7.0",
              "default": true
            },
            {
              "name": "libv8",
              "path": "/nix/store/f3c6lca6i3iwbbf683vdciq5p5ra22q2-nodejs-23.7.0-libv8"
            }
          ],
          "store_path": "/nix/store/q5hzfl9nca4xfggxwh1w94kxladr92hg-nodejs-23.7.0"
        },
        "x86_64-linux": {
          "outputs": [
            {
              "name": "out",
              "path": "/nix/store/wd3aabl2ikvh4as03i9lnc7mf0qf4f8a-nodejs-23.7.0",
              "default": true
            },
            {
              "name": "libv8",
              "path": "/nix/store/lylmd10qryh0i2zwpik3xba428bxfq0z-nodejs-23.7.0-libv8"
            }
          ],
          "store_path": "/nix/store/wd3aabl2ikvh4as03i9lnc7mf0qf4f8a-nodejs-23.7.0"
        }
      }
    },
    "typescript-language-server@latest": {
      "last_modified": "2025-01-31T04:26:24Z",
      "resolved": "github:NixOS/nixpkgs/9189ac18287c599860e878e905da550aa6dec1cd#typescript-language-server",
      "source": "devbox-search",
      "version": "4.3.3",
      "systems": {
        "aarch64-darwin": {
          "outputs": [
            {
              "name": "out",
              "path": "/nix/store/kmfm5gkipnnajyjns48r76yvzwcsfr68-typescript-language-server-4.3.3",
              "default": true
            }
          ],
          "store_path": "/nix/store/kmfm5gkipnnajyjns48r76yvzwcsfr68-typescript-language-server-4.3.3"
        },
        "aarch64-linux": {
          "outputs": [
            {
              "name": "out",
              "path": "/nix/store/l43jnx7yhmwfvj1nss7h5cn3a8kl2n9g-typescript-language-server-4.3.3",
              "default": true
            }
          ],
          "store_path": "/nix/store/l43jnx7yhmwfvj1nss7h5cn3a8kl2n9g-typescript-language-server-4.3.3"
        },
        "x86_64-darwin": {
          "outputs": [
            {
              "name": "out",
              "path": "/nix/store/734rjzsaa1zrf39xp85vj80jw10wkx9x-typescript-language-server-4.3.3",
              "default": true
            }
          ],
          "store_path": "/nix/store/734rjzsaa1zrf39xp85vj80jw10wkx9x-typescript-language-server-4.3.3"
        },
        "x86_64-linux": {
          "outputs": [
            {
              "name": "out",
              "path": "/nix/store/yi1pjwsjm4msiinbxirnn8bpm6xghfmh-typescript-language-server-4.3.3",
              "default": true
            }
          ],
          "store_path": "/nix/store/yi1pjwsjm4msiinbxirnn8bpm6xghfmh-typescript-language-server-4.3.3"
        }
      }
    }
  }
}
